
Microsoft Visual Studio Solution File, Format Version 12.00
# Visual Studio Version 17
VisualStudioVersion = 17.2.32630.192
MinimumVisualStudioVersion = 10.0.40219.1
Project("{2150E333-8FDC-42A3-9474-1A3956D46DE8}") = "src", "src", "{0F54827A-3D6A-424C-9144-62FD7CC83057}"
EndProject
Project("{2150E333-8FDC-42A3-9474-1A3956D46DE8}") = "database", "database", "{6D02D4BD-62B3-4AAC-A1C3-A790A59CE46D}"
EndProject
Project("{2150E333-8FDC-42A3-9474-1A3956D46DE8}") = "business", "business", "{07A32FE9-10D8-43BC-B184-3D7E96E2286A}"
EndProject
Project("{2150E333-8FDC-42A3-9474-1A3956D46DE8}") = "application", "application", "{8ACBAF7C-3108-4E82-80F8-60F16C4662F5}"
EndProject
Project("{FAE04EC0-301F-11D3-BF4B-00C04F79EFBC}") = "CafeDevCode.Database", "src\CafeDevCode.Database\CafeDevCode.Database.csproj", "{9F515C0A-5E9F-4393-8DCD-B74C6BE72DF1}"
EndProject
Project("{FAE04EC0-301F-11D3-BF4B-00C04F79EFBC}") = "CafeDevCode.Database.Shared", "src\CafeDevCode.Database.Shared\CafeDevCode.Database.Shared.csproj", "{A11533F5-C8BB-4BDE-AF55-4B8090141AF7}"
EndProject
Project("{FAE04EC0-301F-11D3-BF4B-00C04F79EFBC}") = "CafeDevCode.Logic", "src\CafeDevCode.Logic\CafeDevCode.Logic.csproj", "{56F4677E-F8EA-41D2-B56F-89CB3FA74AAF}"
EndProject
Project("{FAE04EC0-301F-11D3-BF4B-00C04F79EFBC}") = "CafeDevCode.Logic.Shared", "src\CafeDevCode.Logic.Shared\CafeDevCode.Logic.Shared.csproj", "{88911AD9-FE23-46D7-8C65-905279A5E6D0}"
EndProject
Project("{FAE04EC0-301F-11D3-BF4B-00C04F79EFBC}") = "CafeDevCode.Website", "src\CafeDevCode.Website\CafeDevCode.Website.csproj", "{44F87745-7659-4B32-952B-FA241EC0EF3C}"
EndProject
Project("{2150E333-8FDC-42A3-9474-1A3956D46DE8}") = "common", "common", "{B77E1DA2-75A9-4D1B-A467-0B21FD7F1DC1}"
EndProject
Project("{FAE04EC0-301F-11D3-BF4B-00C04F79EFBC}") = "CafeDevCode.Ultils", "src\CafeDevCode.Ultils\CafeDevCode.Ultils.csproj", "{412367B1-796A-4460-9DF6-32FF2ED68393}"
EndProject
Project("{FAE04EC0-301F-11D3-BF4B-00C04F79EFBC}") = "CafeDevCode.Common.Shared", "src\CafeDevCode.Common.Shared\CafeDevCode.Common.Shared.csproj", "{F3EFECDC-6D0F-400C-93E8-F3AB131F0877}"
EndProject
Global
	GlobalSection(SolutionConfigurationPlatforms) = preSolution
		Debug|Any CPU = Debug|Any CPU
		Release|Any CPU = Release|Any CPU
	EndGlobalSection
	GlobalSection(ProjectConfigurationPlatforms) = postSolution
		{9F515C0A-5E9F-4393-8DCD-B74C6BE72DF1}.Debug|Any CPU.ActiveCfg = Debug|Any CPU
		{9F515C0A-5E9F-4393-8DCD-B74C6BE72DF1}.Debug|Any CPU.Build.0 = Debug|Any CPU
		{9F515C0A-5E9F-4393-8DCD-B74C6BE72DF1}.Release|Any CPU.ActiveCfg = Release|Any CPU
		{9F515C0A-5E9F-4393-8DCD-B74C6BE72DF1}.Release|Any CPU.Build.0 = Release|Any CPU
		{A11533F5-C8BB-4BDE-AF55-4B8090141AF7}.Debug|Any CPU.ActiveCfg = Debug|Any CPU
		{A11533F5-C8BB-4BDE-AF55-4B8090141AF7}.Debug|Any CPU.Build.0 = Debug|Any CPU
		{A11533F5-C8BB-4BDE-AF55-4B8090141AF7}.Release|Any CPU.ActiveCfg = Release|Any CPU
		{A11533F5-C8BB-4BDE-AF55-4B8090141AF7}.Release|Any CPU.Build.0 = Release|Any CPU
		{56F4677E-F8EA-41D2-B56F-89CB3FA74AAF}.Debug|Any CPU.ActiveCfg = Debug|Any CPU
		{56F4677E-F8EA-41D2-B56F-89CB3FA74AAF}.Debug|Any CPU.Build.0 = Debug|Any CPU
		{56F4677E-F8EA-41D2-B56F-89CB3FA74AAF}.Release|Any CPU.ActiveCfg = Release|Any CPU
		{56F4677E-F8EA-41D2-B56F-89CB3FA74AAF}.Release|Any CPU.Build.0 = Release|Any CPU
		{88911AD9-FE23-46D7-8C65-905279A5E6D0}.Debug|Any CPU.ActiveCfg = Debug|Any CPU
		{88911AD9-FE23-46D7-8C65-905279A5E6D0}.Debug|Any CPU.Build.0 = Debug|Any CPU
		{88911AD9-FE23-46D7-8C65-905279A5E6D0}.Release|Any CPU.ActiveCfg = Release|Any CPU
		{88911AD9-FE23-46D7-8C65-905279A5E6D0}.Release|Any CPU.Build.0 = Release|Any CPU
		{44F87745-7659-4B32-952B-FA241EC0EF3C}.Debug|Any CPU.ActiveCfg = Debug|Any CPU
		{44F87745-7659-4B32-952B-FA241EC0EF3C}.Debug|Any CPU.Build.0 = Debug|Any CPU
		{44F87745-7659-4B32-952B-FA241EC0EF3C}.Release|Any CPU.ActiveCfg = Release|Any CPU
		{44F87745-7659-4B32-952B-FA241EC0EF3C}.Release|Any CPU.Build.0 = Release|Any CPU
		{412367B1-796A-4460-9DF6-32FF2ED68393}.Debug|Any CPU.ActiveCfg = Debug|Any CPU
		{412367B1-796A-4460-9DF6-32FF2ED68393}.Debug|Any CPU.Build.0 = Debug|Any CPU
		{412367B1-796A-4460-9DF6-32FF2ED68393}.Release|Any CPU.ActiveCfg = Release|Any CPU
		{412367B1-796A-4460-9DF6-32FF2ED68393}.Release|Any CPU.Build.0 = Release|Any CPU
		{F3EFECDC-6D0F-400C-93E8-F3AB131F0877}.Debug|Any CPU.ActiveCfg = Debug|Any CPU
		{F3EFECDC-6D0F-400C-93E8-F3AB131F0877}.Debug|Any CPU.Build.0 = Debug|Any CPU
		{F3EFECDC-6D0F-400C-93E8-F3AB131F0877}.Release|Any CPU.ActiveCfg = Release|Any CPU
		{F3EFECDC-6D0F-400C-93E8-F3AB131F0877}.Release|Any CPU.Build.0 = Release|Any CPU
	EndGlobalSection
	GlobalSection(SolutionProperties) = preSolution
		HideSolutionNode = FALSE
	EndGlobalSection
	GlobalSection(NestedProjects) = preSolution
		{6D02D4BD-62B3-4AAC-A1C3-A790A59CE46D} = {0F54827A-3D6A-424C-9144-62FD7CC83057}
		{07A32FE9-10D8-43BC-B184-3D7E96E2286A} = {0F54827A-3D6A-424C-9144-62FD7CC83057}
		{8ACBAF7C-3108-4E82-80F8-60F16C4662F5} = {0F54827A-3D6A-424C-9144-62FD7CC83057}
		{9F515C0A-5E9F-4393-8DCD-B74C6BE72DF1} = {6D02D4BD-62B3-4AAC-A1C3-A790A59CE46D}
		{A11533F5-C8BB-4BDE-AF55-4B8090141AF7} = {6D02D4BD-62B3-4AAC-A1C3-A790A59CE46D}
		{56F4677E-F8EA-41D2-B56F-89CB3FA74AAF} = {07A32FE9-10D8-43BC-B184-3D7E96E2286A}
		{88911AD9-FE23-46D7-8C65-905279A5E6D0} = {07A32FE9-10D8-43BC-B184-3D7E96E2286A}
		{44F87745-7659-4B32-952B-FA241EC0EF3C} = {8ACBAF7C-3108-4E82-80F8-60F16C4662F5}
		{B77E1DA2-75A9-4D1B-A467-0B21FD7F1DC1} = {0F54827A-3D6A-424C-9144-62FD7CC83057}
		{412367B1-796A-4460-9DF6-32FF2ED68393} = {B77E1DA2-75A9-4D1B-A467-0B21FD7F1DC1}
		{F3EFECDC-6D0F-400C-93E8-F3AB131F0877} = {B77E1DA2-75A9-4D1B-A467-0B21FD7F1DC1}
	EndGlobalSection
	GlobalSection(ExtensibilityGlobals) = postSolution
		SolutionGuid = {2C29A179-843F-4640-AF93-C12143A2FDD2}
	EndGlobalSection
EndGlobal
